dependencies:
  espressif/esp-modbus:
    component_hash: f8d6417c4eaf86ba927d3922dff13bd20b15ff8356586062505ee56e713848c6
    dependencies:
    - name: idf
      require: private
      version: '>=5.0'
    source:
      registry_url: https://components.espressif.com/
      type: service
    version: 2.1.1
  espressif/esp_lcd_touch:
    component_hash: 3f85a7d95af876f1a6ecca8eb90a81614890d0f03a038390804e5a77e2caf862
    dependencies:
    - name: idf
      require: private
      version: '>=4.4.2'
    source:
      registry_url: https://components.espressif.com
      type: service
    version: 1.2.1
  espressif/esp_lcd_touch_gt911:
    component_hash: be02e243d18b9a661bc13b0d22c0a5cfa3f708cf04d6eb059772276c8c8a4d76
    dependencies:
    - name: espressif/esp_lcd_touch
      registry_url: https://components.espressif.com
      require: public
      version: ^1.2.0
    - name: idf
      require: private
      version: '>=4.4.2'
    source:
      registry_url: https://components.espressif.com/
      type: service
    version: 1.2.0~1
  idf:
    source:
      type: idf
    version: 5.5.1
  lvgl/lvgl:
    component_hash: 948bff879a345149b83065535bbc4a026ce9f47498a22881e432a264b9098015
    dependencies: []
    source:
      registry_url: https://components.espressif.com/
      type: service
    version: 8.3.11
  phamnamhien/HSM:
    component_hash: 6c304327c4970757bde32f95897e58b3a63e795e4d1d9e78c2b989f11708465d
    dependencies:
    - name: idf
      version: '>=4.4'
    source:
      git: https://github.com/phamnamhien/HSM.git
      path: .
      type: git
    targets:
    - esp32
    - esp32s2
    - esp32s3
    - esp32c3
    - esp32c2
    - esp32c6
    - esp32h2
    version: f62738dc82cf1d95737d6bf513017de2cfca77bc
direct_dependencies:
- espressif/esp-modbus
- espressif/esp_lcd_touch_gt911
- idf
- lvgl/lvgl
- phamnamhien/HSM
manifest_hash: 46bca8fc064927de5dad12caf6d33436e55fff83ebe373d2a00d88dc32441af9
target: esp32s3
version: 2.0.0
